
Microsoft Visual Studio Solution File, Format Version 11.00
# Visual Studio 2010
Project("{FAE04EC0-301F-11D3-BF4B-00C04F79EFBC}") = "Visualization", "Assembly-CSharp.csproj", "{FE37A85D-1E2B-707F-DB81-569D310E3E9C}"
EndProject
Project("{FAE04EC0-301F-11D3-BF4B-00C04F79EFBC}") = "Visualization", "Assembly-CSharp-Editor.csproj", "{23F3BC32-8307-FF74-F7C2-9C2B46256028}"
EndProject
Global
	GlobalSection(SolutionConfigurationPlatforms) = preSolution
		Debug|Any CPU = Debug|Any CPU
		Release|Any CPU = Release|Any CPU
	EndGlobalSection
	GlobalSection(ProjectConfigurationPlatforms) = postSolution
		{FE37A85D-1E2B-707F-DB81-569D310E3E9C}.Debug|Any CPU.ActiveCfg = Debug|Any CPU
		{FE37A85D-1E2B-707F-DB81-569D310E3E9C}.Debug|Any CPU.Build.0 = Debug|Any CPU
		{FE37A85D-1E2B-707F-DB81-569D310E3E9C}.Release|Any CPU.ActiveCfg = Release|Any CPU
		{FE37A85D-1E2B-707F-DB81-569D310E3E9C}.Release|Any CPU.Build.0 = Release|Any CPU
		{23F3BC32-8307-FF74-F7C2-9C2B46256028}.Debug|Any CPU.ActiveCfg = Debug|Any CPU
		{23F3BC32-8307-FF74-F7C2-9C2B46256028}.Debug|Any CPU.Build.0 = Debug|Any CPU
		{23F3BC32-8307-FF74-F7C2-9C2B46256028}.Release|Any CPU.ActiveCfg = Release|Any CPU
		{23F3BC32-8307-FF74-F7C2-9C2B46256028}.Release|Any CPU.Build.0 = Release|Any CPU
	EndGlobalSection
	GlobalSection(SolutionProperties) = preSolution
		HideSolutionNode = FALSE
	EndGlobalSection
	GlobalSection(MonoDevelopProperties) = preSolution
		StartupItem = Assembly-CSharp.csproj
	EndGlobalSection
EndGlobal
